
Microsoft Visual Studio Solution File, Format Version 12.00
# Visual Studio Version 17
VisualStudioVersion = 17.3.32825.248
MinimumVisualStudioVersion = 10.0.40219.1
Project("{9A19103F-16F7-4668-BE54-9A1E7A4F7556}") = "JumpGame55", "JumpGame55\JumpGame55.csproj", "{FB1945EE-5ADA-4F79-9B36-34DA09696A67}"
EndProject
Project("{9A19103F-16F7-4668-BE54-9A1E7A4F7556}") = "RemoveStonesToMinimizeTheTotal1962", "RemoveStonesToMinimizeTheTotal1962\RemoveStonesToMinimizeTheTotal1962.csproj", "{D7DD2AC7-22FB-4E0F-865B-FBC8A2750B96}"
EndProject
Project("{9A19103F-16F7-4668-BE54-9A1E7A4F7556}") = "WordPattern290", "WordPattern290\WordPattern290.csproj", "{505E08D6-CD1F-40BE-BFC0-650AF02D0B70}"
EndProject
Project("{9A19103F-16F7-4668-BE54-9A1E7A4F7556}") = "IsomophoricStrings205", "IsomophoricStrings205\IsomophoricStrings205.csproj", "{10F370CF-A77D-4CEC-9F4B-16D4581BCF98}"
EndProject
Project("{9A19103F-16F7-4668-BE54-9A1E7A4F7556}") = "DetectCapital520", "DetectCapital520\DetectCapital520.csproj", "{F08118A2-0B96-4514-813A-830C5812445C}"
EndProject
Project("{9A19103F-16F7-4668-BE54-9A1E7A4F7556}") = "DeleteColumnsToMakeSorted944", "DeleteColumnsToMakeSorted944\DeleteColumnsToMakeSorted944.csproj", "{68ADE33F-745B-420F-919C-FA6A7D97960E}"
EndProject
Project("{9A19103F-16F7-4668-BE54-9A1E7A4F7556}") = "MinimumRoundsToCompleteAllTasks2244", "MinimumRoundsToCompleteAllTasks2244\MinimumRoundsToCompleteAllTasks2244.csproj", "{8E151FEF-07DF-41BB-9C51-B97BB384A2E1}"
EndProject
Project("{FAE04EC0-301F-11D3-BF4B-00C04F79EFBC}") = "MaximumIceCreamBars1833", "MaximumIceCreamBars1833\MaximumIceCreamBars1833.csproj", "{EBE53AD7-C7F6-4254-AA72-AEB8EE874E59}"
EndProject
Global
	GlobalSection(SolutionConfigurationPlatforms) = preSolution
		Debug|Any CPU = Debug|Any CPU
		Release|Any CPU = Release|Any CPU
	EndGlobalSection
	GlobalSection(ProjectConfigurationPlatforms) = postSolution
		{FB1945EE-5ADA-4F79-9B36-34DA09696A67}.Debug|Any CPU.ActiveCfg = Debug|Any CPU
		{FB1945EE-5ADA-4F79-9B36-34DA09696A67}.Debug|Any CPU.Build.0 = Debug|Any CPU
		{FB1945EE-5ADA-4F79-9B36-34DA09696A67}.Release|Any CPU.ActiveCfg = Release|Any CPU
		{FB1945EE-5ADA-4F79-9B36-34DA09696A67}.Release|Any CPU.Build.0 = Release|Any CPU
		{D7DD2AC7-22FB-4E0F-865B-FBC8A2750B96}.Debug|Any CPU.ActiveCfg = Debug|Any CPU
		{D7DD2AC7-22FB-4E0F-865B-FBC8A2750B96}.Debug|Any CPU.Build.0 = Debug|Any CPU
		{D7DD2AC7-22FB-4E0F-865B-FBC8A2750B96}.Release|Any CPU.ActiveCfg = Release|Any CPU
		{D7DD2AC7-22FB-4E0F-865B-FBC8A2750B96}.Release|Any CPU.Build.0 = Release|Any CPU
		{505E08D6-CD1F-40BE-BFC0-650AF02D0B70}.Debug|Any CPU.ActiveCfg = Debug|Any CPU
		{505E08D6-CD1F-40BE-BFC0-650AF02D0B70}.Debug|Any CPU.Build.0 = Debug|Any CPU
		{505E08D6-CD1F-40BE-BFC0-650AF02D0B70}.Release|Any CPU.ActiveCfg = Release|Any CPU
		{505E08D6-CD1F-40BE-BFC0-650AF02D0B70}.Release|Any CPU.Build.0 = Release|Any CPU
		{10F370CF-A77D-4CEC-9F4B-16D4581BCF98}.Debug|Any CPU.ActiveCfg = Debug|Any CPU
		{10F370CF-A77D-4CEC-9F4B-16D4581BCF98}.Debug|Any CPU.Build.0 = Debug|Any CPU
		{10F370CF-A77D-4CEC-9F4B-16D4581BCF98}.Release|Any CPU.ActiveCfg = Release|Any CPU
		{10F370CF-A77D-4CEC-9F4B-16D4581BCF98}.Release|Any CPU.Build.0 = Release|Any CPU
		{F08118A2-0B96-4514-813A-830C5812445C}.Debug|Any CPU.ActiveCfg = Debug|Any CPU
		{F08118A2-0B96-4514-813A-830C5812445C}.Debug|Any CPU.Build.0 = Debug|Any CPU
		{F08118A2-0B96-4514-813A-830C5812445C}.Release|Any CPU.ActiveCfg = Release|Any CPU
		{F08118A2-0B96-4514-813A-830C5812445C}.Release|Any CPU.Build.0 = Release|Any CPU
		{68ADE33F-745B-420F-919C-FA6A7D97960E}.Debug|Any CPU.ActiveCfg = Debug|Any CPU
		{68ADE33F-745B-420F-919C-FA6A7D97960E}.Debug|Any CPU.Build.0 = Debug|Any CPU
		{68ADE33F-745B-420F-919C-FA6A7D97960E}.Release|Any CPU.ActiveCfg = Release|Any CPU
		{68ADE33F-745B-420F-919C-FA6A7D97960E}.Release|Any CPU.Build.0 = Release|Any CPU
		{8E151FEF-07DF-41BB-9C51-B97BB384A2E1}.Debug|Any CPU.ActiveCfg = Debug|Any CPU
		{8E151FEF-07DF-41BB-9C51-B97BB384A2E1}.Debug|Any CPU.Build.0 = Debug|Any CPU
		{8E151FEF-07DF-41BB-9C51-B97BB384A2E1}.Release|Any CPU.ActiveCfg = Release|Any CPU
		{8E151FEF-07DF-41BB-9C51-B97BB384A2E1}.Release|Any CPU.Build.0 = Release|Any CPU
		{EBE53AD7-C7F6-4254-AA72-AEB8EE874E59}.Debug|Any CPU.ActiveCfg = Debug|Any CPU
		{EBE53AD7-C7F6-4254-AA72-AEB8EE874E59}.Debug|Any CPU.Build.0 = Debug|Any CPU
		{EBE53AD7-C7F6-4254-AA72-AEB8EE874E59}.Release|Any CPU.ActiveCfg = Release|Any CPU
		{EBE53AD7-C7F6-4254-AA72-AEB8EE874E59}.Release|Any CPU.Build.0 = Release|Any CPU
	EndGlobalSection
	GlobalSection(SolutionProperties) = preSolution
		HideSolutionNode = FALSE
	EndGlobalSection
	GlobalSection(ExtensibilityGlobals) = postSolution
		SolutionGuid = {B3A70D72-E0CC-4DB7-88C3-982CF1943433}
	EndGlobalSection
EndGlobal
